[[package]]
name = "aiofiles"
version = "24.1.0"
description = "File support for asyncio."
category = "main"
optional = false
python-versions = ">=3.8"

[[package]]
name = "aiohappyeyeballs"
version = "2.6.1"
description = "Happy Eyeballs for asyncio"
category = "main"
optional = false
python-versions = ">=3.9"

[[package]]
name = "aiohttp"
version = "3.12.11"
description = "Async http client/server framework (asyncio)"
category = "main"
optional = false
python-versions = ">=3.9"

[package.dependencies]
aiohappyeyeballs = ">=2.5.0"
aiosignal = ">=1.1.2"
async-timeout = {version = ">=4.0,<6.0", markers = "python_version < \"3.11\""}
attrs = ">=17.3.0"
frozenlist = ">=1.1.1"
multidict = ">=4.5,<7.0"
propcache = ">=0.2.0"
yarl = ">=1.17.0,<2.0"

[package.extras]
speedups = ["aiodns (>=3.3.0)", "brotli", "brotlicffi"]

[[package]]
name = "aioredis"
version = "2.0.1"
description = "asyncio (PEP 3156) Redis support"
category = "main"
optional = false
python-versions = ">=3.6"

[package.dependencies]
async-timeout = "*"
typing-extensions = "*"

[package.extras]
hiredis = ["hiredis (>=1.0)"]

[[package]]
name = "aiosignal"
version = "1.3.2"
description = "aiosignal: a list of registered asynchronous callbacks"
category = "main"
optional = false
python-versions = ">=3.9"

[package.dependencies]
frozenlist = ">=1.1.0"

[[package]]
name = "aiosqlite"
version = "0.17.0"
description = "asyncio bridge to the standard sqlite3 module"
category = "main"
optional = false
python-versions = ">=3.6"

[package.dependencies]
typing_extensions = ">=3.7.2"

[[package]]
name = "amqp"
version = "5.3.1"
description = "Low-level AMQP client for Python (fork of amqplib)."
category = "main"
optional = false
python-versions = ">=3.6"

[package.dependencies]
vine = ">=5.0.0,<6.0.0"

[[package]]
name = "annotated-types"
version = "0.7.0"
description = "Reusable constraint types to use with typing.Annotated"
category = "main"
optional = false
python-versions = ">=3.8"

[[package]]
name = "anyio"
version = "4.9.0"
description = "High level compatibility layer for multiple asynchronous event loop implementations"
category = "main"
optional = false
python-versions = ">=3.9"

[package.dependencies]
exceptiongroup = {version = ">=1.0.2", markers = "python_version < \"3.11\""}
idna = ">=2.8"
sniffio = ">=1.1"
typing_extensions = {version = ">=4.5", markers = "python_version < \"3.13\""}

[package.extras]
trio = ["trio (>=0.26.1)"]
test = ["anyio", "blockbuster (>=1.5.23)", "coverage[toml] (>=7)", "exceptiongroup (>=1.2.0)", "hypothesis (>=4.0)", "psutil (>=5.9)", "pytest (>=7.0)", "trustme", "truststore (>=0.9.1)", "uvloop (>=0.21)"]
doc = ["packaging", "Sphinx (>=8.2,<9.0)", "sphinx-rtd-theme", "sphinx-autodoc-typehints (>=1.2.0)"]

[[package]]
name = "async-timeout"
version = "5.0.1"
description = "Timeout context manager for asyncio programs"
category = "main"
optional = false
python-versions = ">=3.8"

[[package]]
name = "asyncpraw"
version = "7.8.0"
description = "Asynchronous Python Reddit API Wrapper."
category = "main"
optional = false
python-versions = "~=3.8"

[package.dependencies]
aiofiles = "*"
aiohttp = "<4"
aiosqlite = "<=0.17.0"
asyncprawcore = ">=2.1,<3"
update_checker = ">=0.18"

[package.extras]
ci = ["coveralls"]
dev = ["packaging", "asyncpraw", "asyncpraw"]
lint = ["asyncpraw", "pre-commit", "ruff (>=0.0.292)"]
readthedocs = ["furo", "sphinx", "sphinxcontrib-trio"]
test = ["mock (>=4.0.0,<5.0.0)", "pytest (>=7.0.0,<8.0.0)", "pytest-asyncio (>=0.18.0,<0.19.0)", "pytest-vcr (>=1.0.0,<2.0.0)", "urllib3 (>=1.0.0,<2.0.0)", "vcrpy (==4.2.1)"]

[[package]]
name = "asyncprawcore"
version = "2.4.0"
description = "Low-level asynchronous communication layer for Async PRAW 7+."
category = "main"
optional = false
python-versions = "~=3.8"

[package.dependencies]
aiohttp = "<4"
yarl = "*"

[package.extras]
ci = ["coveralls"]
dev = ["packaging", "asyncprawcore", "asyncprawcore"]
lint = ["pre-commit", "ruff (>=0.1.0,<0.2.0)"]
test = ["mock (>=4.0.0,<5.0.0)", "pytest (>=7.0.0,<8.0.0)", "pytest-asyncio (>=0.18.0,<0.19.0)", "pytest-vcr (>=1.0.0,<2.0.0)", "urllib3 (>=1.0.0,<2.0.0)", "vcrpy (==4.2.1)"]

[[package]]
name = "attrs"
version = "25.3.0"
description = "Classes Without Boilerplate"
category = "main"
optional = false
python-versions = ">=3.8"

[package.extras]
benchmark = ["cloudpickle", "hypothesis", "mypy (>=1.11.1)", "pympler", "pytest-codspeed", "pytest-mypy-plugins", "pytest-xdist", "pytest (>=4.3.0)"]
cov = ["cloudpickle", "coverage[toml] (>=5.3)", "hypothesis", "mypy (>=1.11.1)", "pympler", "pytest-mypy-plugins", "pytest-xdist", "pytest (>=4.3.0)"]
dev = ["cloudpickle", "hypothesis", "mypy (>=1.11.1)", "pre-commit-uv", "pympler", "pytest-mypy-plugins", "pytest-xdist", "pytest (>=4.3.0)"]
docs = ["cogapp", "furo", "myst-parser", "sphinx", "sphinx-notfound-page", "sphinxcontrib-towncrier", "towncrier"]
tests = ["cloudpickle", "hypothesis", "mypy (>=1.11.1)", "pympler", "pytest-mypy-plugins", "pytest-xdist", "pytest (>=4.3.0)"]
tests-mypy = ["mypy (>=1.11.1)", "pytest-mypy-plugins"]

[[package]]
name = "babel"
version = "2.17.0"
description = "Internationalization utilities"
category = "main"
optional = false
python-versions = ">=3.8"

[package.extras]
dev = ["tzdata", "backports.zoneinfo", "freezegun (>=1.0,<2.0)", "jinja2 (>=3.0)", "pytest-cov", "pytest (>=6.0)", "pytz", "setuptools"]

[[package]]
name = "beautifulsoup4"
version = "4.13.4"
description = "Screen-scraping library"
category = "main"
optional = false
python-versions = ">=3.7.0"

[package.dependencies]
soupsieve = ">1.2"
typing-extensions = ">=4.0.0"

[package.extras]
cchardet = ["cchardet"]
chardet = ["chardet"]
charset-normalizer = ["charset-normalizer"]
html5lib = ["html5lib"]
lxml = ["lxml"]

[[package]]
name = "billiard"
version = "4.2.1"
description = "Python multiprocessing fork with improvements and bugfixes"
category = "main"
optional = false
python-versions = ">=3.7"

[[package]]
name = "cachetools"
version = "5.5.2"
description = "Extensible memoizing collections and decorators"
category = "main"
optional = false
python-versions = ">=3.7"

[[package]]
name = "celery"
version = "5.5.3"
description = "Distributed Task Queue."
category = "main"
optional = false
python-versions = ">=3.8"

[package.dependencies]
billiard = ">=4.2.1,<5.0"
click = ">=8.1.2,<9.0"
click-didyoumean = ">=0.3.0"
click-plugins = ">=1.1.1"
click-repl = ">=0.2.0"
kombu = ">=5.5.2,<5.6"
python-dateutil = ">=2.8.2"
vine = ">=5.1.0,<6.0"

[package.extras]
arangodb = ["pyArango (>=2.0.2)"]
auth = ["cryptography (==44.0.2)"]
azureblockblob = ["azure-storage-blob (>=12.15.0)", "azure-identity (>=1.19.0)"]
brotli = ["brotlipy (>=0.7.0)", "brotli (>=1.0.0)"]
cassandra = ["cassandra-driver (>=3.25.0,<4)"]
consul = ["python-consul2 (==0.1.5)"]
cosmosdbsql = ["pydocumentdb (==2.3.5)"]
couchbase = ["couchbase (>=3.0.0)"]
couchdb = ["pycouchdb (==1.16.0)"]
django = ["Django (>=2.2.28)"]
dynamodb = ["boto3 (>=1.26.143)"]
elasticsearch = ["elasticsearch (<=8.17.2)", "elastic-transport (<=8.17.1)"]
eventlet = ["eventlet (>=0.32.0)"]
gevent = ["gevent (>=1.5.0)"]
gcs = ["google-cloud-storage (>=2.10.0)", "google-cloud-firestore (==2.20.1)", "grpcio (==1.67.0)"]
librabbitmq = ["librabbitmq (>=2.0.0)"]
memcache = ["pylibmc (==1.6.3)"]
mongodb = ["kombu"]
msgpack = ["kombu"]
pymemcache = ["python-memcached (>=1.61)"]
pydantic = ["pydantic (>=2.4)"]
pyro = ["pyro4 (==4.82)"]
pytest = ["pytest-celery[all] (>=1.2.0,<1.3.0)"]
redis = ["kombu"]
s3 = ["boto3 (>=1.26.143)"]
slmq = ["softlayer_messaging (>=1.0.3)"]
solar = ["ephem (==4.2)"]
sqlalchemy = ["kombu"]
sqs = ["boto3 (>=1.26.143)", "urllib3 (>=1.26.16)", "kombu[sqs] (>=5.5.0)"]
tblib = ["tblib (>=1.5.0)", "tblib (>=1.3.0)"]
yaml = ["kombu"]
zookeeper = ["kazoo (>=1.3.1)"]
zstd = ["zstandard (==0.23.0)"]

[[package]]
name = "certifi"
version = "2025.4.26"
description = "Python package for providing Mozilla's CA Bundle."
category = "main"
optional = false
python-versions = ">=3.6"

[[package]]
name = "cffi"
version = "1.17.1"
description = "Foreign Function Interface for Python calling C code."
category = "main"
optional = false
python-versions = ">=3.8"

[package.dependencies]
pycparser = "*"

[[package]]
name = "charset-normalizer"
version = "3.4.2"
description = "The Real First Universal Charset Detector. Open, modern and actively maintained alternative to Chardet."
category = "main"
optional = false
python-versions = ">=3.7"

[[package]]
name = "click"
version = "8.2.1"
description = "Composable command line interface toolkit"
category = "main"
optional = false
python-versions = ">=3.10"

[package.dependencies]
colorama = {version = "*", markers = "platform_system == \"Windows\""}

[[package]]
name = "click-didyoumean"
version = "0.3.1"
description = "Enables git-like *did-you-mean* feature in click"
category = "main"
optional = false
python-versions = ">=3.6.2"

[package.dependencies]
click = ">=7"

[[package]]
name = "click-plugins"
version = "1.1.1"
description = "An extension module for click to enable registering CLI commands via setuptools entry-points."
category = "main"
optional = false
python-versions = "*"

[package.dependencies]
click = ">=4.0"

[package.extras]
dev = ["pytest (>=3.6)", "pytest-cov", "wheel", "coveralls"]

[[package]]
name = "click-repl"
version = "0.3.0"
description = "REPL plugin for Click"
category = "main"
optional = false
python-versions = ">=3.6"

[package.dependencies]
click = ">=7.0"
prompt-toolkit = ">=3.0.36"

[package.extras]
testing = ["pytest-cov (>=4.0.0)", "pytest (>=7.2.1)", "tox (>=4.4.3)"]

[[package]]
name = "colorama"
version = "0.4.6"
description = "Cross-platform colored terminal text."
category = "main"
optional = false
python-versions = "!=3.0.*,!=3.1.*,!=3.2.*,!=3.3.*,!=3.4.*,!=3.5.*,!=3.6.*,>=2.7"

[[package]]
name = "courlan"
version = "1.3.2"
description = "Clean, filter and sample URLs to optimize data collection – includes spam, content type and language filters."
category = "main"
optional = false
python-versions = ">=3.8"

[package.dependencies]
babel = ">=2.16.0"
tld = ">=0.13"
urllib3 = ">=1.26,<3"

[package.extras]
dev = ["black", "flake8", "mypy", "pytest", "pytest-cov", "types-urllib3"]

[[package]]
name = "dateparser"
version = "1.2.1"
description = "Date parsing library designed to parse dates from HTML pages"
category = "main"
optional = false
python-versions = ">=3.8"

[package.dependencies]
python-dateutil = ">=2.7.0"
pytz = ">=2024.2"
regex = ">=2015.06.24,<2019.02.19 || >2019.02.19,<2021.8.27 || >2021.8.27"
tzlocal = ">=0.2"

[package.extras]
calendars = ["convertdate (>=2.2.1)", "hijridate"]
fasttext = ["fasttext (>=0.9.1)", "numpy (>=1.19.3,<2)"]
langdetect = ["langdetect (>=1.0.0)"]

[[package]]
name = "docker"
version = "7.1.0"
description = "A Python library for the Docker Engine API."
category = "main"
optional = false
python-versions = ">=3.8"

[package.dependencies]
pywin32 = {version = ">=304", markers = "sys_platform == \"win32\""}
requests = ">=2.26.0"
urllib3 = ">=1.26.0"

[package.extras]
dev = ["coverage (==7.2.7)", "pytest-cov (==4.1.0)", "pytest-timeout (==2.1.0)", "pytest (==7.4.2)", "ruff (==0.1.8)"]
docs = ["myst-parser (==0.18.0)", "sphinx (==5.1.1)"]
ssh = ["paramiko (>=2.4.3)"]
websockets = ["websocket-client (>=1.3.0)"]

[[package]]
name = "docstring-parser"
version = "0.15"
description = "Parse Python docstrings in reST, Google and Numpydoc format"
category = "main"
optional = false
python-versions = ">=3.6,<4.0"

[[package]]
name = "exceptiongroup"
version = "1.3.0"
description = "Backport of PEP 654 (exception groups)"
category = "main"
optional = false
python-versions = ">=3.7"

[package.dependencies]
typing-extensions = {version = ">=4.6.0", markers = "python_version < \"3.13\""}

[package.extras]
test = ["pytest (>=6)"]

[[package]]
name = "fastapi"
version = "0.115.12"
description = "FastAPI framework, high performance, easy to learn, fast to code, ready for production"
category = "main"
optional = false
python-versions = ">=3.8"

[package.dependencies]
pydantic = ">=1.7.4,<1.8 || >1.8,<1.8.1 || >1.8.1,<2.0.0 || >2.0.0,<2.0.1 || >2.0.1,<2.1.0 || >2.1.0,<3.0.0"
starlette = ">=0.40.0,<0.47.0"
typing-extensions = ">=4.8.0"

[package.extras]
standard = ["fastapi-cli[standard] (>=0.0.5)", "httpx (>=0.23.0)", "jinja2 (>=3.1.5)", "python-multipart (>=0.0.18)", "email-validator (>=2.0.0)", "uvicorn[standard] (>=0.12.0)"]
all = ["fastapi-cli[standard] (>=0.0.5)", "httpx (>=0.23.0)", "jinja2 (>=3.1.5)", "python-multipart (>=0.0.18)", "itsdangerous (>=1.1.0)", "pyyaml (>=5.3.1)", "ujson (>=4.0.1,!=4.0.2,!=4.1.0,!=4.2.0,!=4.3.0,!=5.0.0,!=5.1.0)", "orjson (>=3.2.1)", "email-validator (>=2.0.0)", "uvicorn[standard] (>=0.12.0)", "pydantic-settings (>=2.0.0)", "pydantic-extra-types (>=2.0.0)"]

[[package]]
name = "feedparser"
version = "6.0.11"
description = "Universal feed parser, handles RSS 0.9x, RSS 1.0, RSS 2.0, CDF, Atom 0.3, and Atom 1.0 feeds"
category = "main"
optional = false
python-versions = ">=3.6"

[package.dependencies]
sgmllib3k = "*"

[[package]]
name = "frozenlist"
version = "1.6.2"
description = "A list-like structure which implements collections.abc.MutableSequence"
category = "main"
optional = false
python-versions = ">=3.9"

[[package]]
name = "gitdb"
version = "4.0.12"
description = "Git Object Database"
category = "main"
optional = false
python-versions = ">=3.7"

[package.dependencies]
smmap = ">=3.0.1,<6"

[[package]]
name = "gitpython"
version = "3.1.44"
description = "GitPython is a Python library used to interact with Git repositories"
category = "main"
optional = false
python-versions = ">=3.7"

[package.dependencies]
gitdb = ">=4.0.1,<5"

[package.extras]
test = ["coverage", "ddt (>=1.1.1,!=1.4.3)", "mock", "mypy", "pre-commit", "pytest (>=7.3.1)", "pytest-cov", "pytest-instafail", "pytest-mock", "pytest-sugar", "typing-extensions"]
doc = ["sphinx (>=7.1.2,<7.2)", "sphinx-rtd-theme", "sphinx-autodoc-typehints"]

[[package]]
name = "google-api-core"
version = "2.25.0"
description = "Google API client core library"
category = "main"
optional = false
python-versions = ">=3.7"

[package.dependencies]
google-auth = ">=2.14.1,<3.0.0"
googleapis-common-protos = ">=1.56.2,<2.0.0"
proto-plus = [
    {version = ">=1.22.3,<2.0.0", markers = "python_version < \"3.13\""},
    {version = ">=1.25.0,<2.0.0", markers = "python_version >= \"3.13\""},
]
protobuf = ">=3.19.5,<3.20.0 || >3.20.0,<3.20.1 || >3.20.1,<4.21.0 || >4.21.0,<4.21.1 || >4.21.1,<4.21.2 || >4.21.2,<4.21.3 || >4.21.3,<4.21.4 || >4.21.4,<4.21.5 || >4.21.5,<7.0.0"
requests = ">=2.18.0,<3.0.0"

[package.extras]
async-rest = ["google-auth[aiohttp] (>=2.35.0,<3.0.0)"]
grpc = ["grpcio (>=1.33.2,<2.0.0)", "grpcio-status (>=1.33.2,<2.0.0)", "grpcio (>=1.49.1,<2.0.0)", "grpcio-status (>=1.49.1,<2.0.0)"]
grpcgcp = ["grpcio-gcp (>=0.2.2,<1.0.0)"]
grpcio-gcp = ["grpcio-gcp (>=0.2.2,<1.0.0)"]

[[package]]
name = "google-api-python-client"
version = "2.171.0"
description = "Google API Client Library for Python"
category = "main"
optional = false
python-versions = ">=3.7"

[package.dependencies]
google-api-core = ">=1.31.5,<2.0.0 || >2.3.0,<3.0.0"
google-auth = ">=1.32.0,<2.24.0 || >2.24.0,<2.25.0 || >2.25.0,<3.0.0"
google-auth-httplib2 = ">=0.2.0,<1.0.0"
httplib2 = ">=0.19.0,<1.0.0"
uritemplate = ">=3.0.1,<5"

[[package]]
name = "google-auth"
version = "2.40.3"
description = "Google Authentication Library"
category = "main"
optional = false
python-versions = ">=3.7"

[package.dependencies]
cachetools = ">=2.0.0,<6.0"
pyasn1-modules = ">=0.2.1"
rsa = ">=3.1.4,<5"

[package.extras]
aiohttp = ["aiohttp (>=3.6.2,<4.0.0)", "requests (>=2.20.0,<3.0.0)"]
enterprise-cert = ["cryptography", "pyopenssl"]
pyjwt = ["pyjwt (>=2.0)", "cryptography (>=38.0.3)", "cryptography (<39.0.0)"]
pyopenssl = ["pyopenssl (>=20.0.0)", "cryptography (>=38.0.3)", "cryptography (<39.0.0)"]
reauth = ["pyu2f (>=0.1.5)"]
requests = ["requests (>=2.20.0,<3.0.0)"]
testing = ["grpcio", "flask", "freezegun", "mock", "oauth2client", "pyjwt (>=2.0)", "cryptography (>=38.0.3)", "pytest", "pytest-cov", "pytest-localserver", "pyopenssl (>=20.0.0)", "pyu2f (>=0.1.5)", "responses", "urllib3", "packaging", "aiohttp (>=3.6.2,<4.0.0)", "requests (>=2.20.0,<3.0.0)", "aioresponses", "pytest-asyncio", "pyopenssl (<24.3.0)", "aiohttp (<3.10.0)", "cryptography (<39.0.0)"]
urllib3 = ["urllib3", "packaging"]

[[package]]
name = "google-auth-httplib2"
version = "0.2.0"
description = "Google Authentication Library: httplib2 transport"
category = "main"
optional = false
python-versions = "*"

[package.dependencies]
google-auth = "*"
httplib2 = ">=0.19.0"

[[package]]
name = "google-auth-oauthlib"
version = "1.2.2"
description = "Google Authentication Library"
category = "main"
optional = false
python-versions = ">=3.6"

[package.dependencies]
google-auth = ">=2.15.0"
requests-oauthlib = ">=0.7.0"

[package.extras]
tool = ["click (>=6.0.0)"]

[[package]]
name = "googleapis-common-protos"
version = "1.70.0"
description = "Common protobufs used in Google APIs"
category = "main"
optional = false
python-versions = ">=3.7"

[package.dependencies]
protobuf = ">=3.20.2,<4.21.1 || >4.21.1,<4.21.2 || >4.21.2,<4.21.3 || >4.21.3,<4.21.4 || >4.21.4,<4.21.5 || >4.21.5,<7.0.0"

[package.extras]
grpc = ["grpcio (>=1.44.0,<2.0.0)"]

[[package]]
name = "h11"
version = "0.16.0"
description = "A pure-Python, bring-your-own-I/O implementation of HTTP/1.1"
category = "main"
optional = false
python-versions = ">=3.8"

[[package]]
name = "htmldate"
version = "1.9.3"
description = "Fast and robust extraction of original and updated publication dates from URLs and web pages."
category = "main"
optional = false
python-versions = ">=3.8"

[package.dependencies]
charset_normalizer = ">=3.4.0"
dateparser = ">=1.1.2"
lxml = {version = ">=5.3.0,<6", markers = "platform_system != \"Darwin\" or python_version > \"3.8\""}
python-dateutil = ">=2.9.0.post0"
urllib3 = ">=1.26,<3"

[package.extras]
dev = ["black", "flake8", "mypy", "pytest", "pytest-cov", "types-dateparser", "types-python-dateutil", "types-lxml", "types-urllib3"]
speed = ["backports-datetime-fromisoformat", "faust-cchardet (>=2.1.19)", "urllib3"]
all = ["htmldate", "htmldate"]

[[package]]
name = "httpcore"
version = "1.0.9"
description = "A minimal low-level HTTP client."
category = "main"
optional = false
python-versions = ">=3.8"

[package.dependencies]
certifi = "*"
h11 = ">=0.16"

[package.extras]
asyncio = ["anyio (>=4.0,<5.0)"]
http2 = ["h2 (>=3,<5)"]
socks = ["socksio (>=1.0.0,<2.0.0)"]
trio = ["trio (>=0.22.0,<1.0)"]

[[package]]
name = "httplib2"
version = "0.22.0"
description = "A comprehensive HTTP client library."
category = "main"
optional = false
python-versions = ">=2.7, !=3.0.*, !=3.1.*, !=3.2.*, !=3.3.*"

[package.dependencies]
pyparsing = {version = ">=2.4.2,<3.0.0 || >3.0.0,<3.0.1 || >3.0.1,<3.0.2 || >3.0.2,<3.0.3 || >3.0.3,<4", markers = "python_version > \"3.0\""}

[[package]]
name = "httpx"
version = "0.28.1"
description = "The next generation HTTP client."
category = "main"
optional = false
python-versions = ">=3.8"

[package.dependencies]
anyio = "*"
certifi = "*"
httpcore = ">=1.0.0,<2.0.0"
idna = "*"

[package.extras]
brotli = ["brotli", "brotlicffi"]
cli = ["click (>=8.0.0,<9.0.0)", "pygments (>=2.0.0,<3.0.0)", "rich (>=10,<14)"]
http2 = ["h2 (>=3,<5)"]
socks = ["socksio (>=1.0.0,<2.0.0)"]
zstd = ["zstandard (>=0.18.0)"]

[[package]]
name = "httpx-sse"
version = "0.4.0"
description = "Consume Server-Sent Event (SSE) messages with HTTPX."
category = "main"
optional = false
python-versions = ">=3.8"

[[package]]
name = "idna"
version = "3.10"
description = "Internationalized Domain Names in Applications (IDNA)"
category = "main"
optional = false
python-versions = ">=3.6"

[package.extras]
all = ["ruff (>=0.6.2)", "mypy (>=1.11.2)", "pytest (>=8.3.2)", "flake8 (>=7.1.1)"]

[[package]]
name = "jsonrpcclient"
version = "4.0.3"
description = "Send JSON-RPC requests"
category = "main"
optional = false
python-versions = ">=3.6"

[package.extras]
qa = ["pytest", "pytest-cov", "tox"]

[[package]]
name = "jsonrpcserver"
version = "5.0.9"
description = "Process JSON-RPC requests"
category = "main"
optional = false
python-versions = "*"

[package.dependencies]
jsonschema = "<5"
oslash = "<1"

[package.extras]
examples = ["aiohttp", "aiozmq", "flask", "flask-socketio", "gmqtt", "pyzmq", "tornado", "websockets", "werkzeug"]

[[package]]
name = "jsonschema"
version = "4.24.0"
description = "An implementation of JSON Schema validation for Python"
category = "main"
optional = false
python-versions = ">=3.9"

[package.dependencies]
attrs = ">=22.2.0"
jsonschema-specifications = ">=2023.03.6"
referencing = ">=0.28.4"
rpds-py = ">=0.7.1"

[package.extras]
format = ["fqdn", "idna", "isoduration", "jsonpointer (>1.13)", "rfc3339-validator", "rfc3987", "uri-template", "webcolors (>=1.11)"]
format-nongpl = ["fqdn", "idna", "isoduration", "jsonpointer (>1.13)", "rfc3339-validator", "rfc3986-validator (>0.1.0)", "uri-template", "webcolors (>=24.6.0)"]

[[package]]
name = "jsonschema-specifications"
version = "2025.4.1"
description = "The JSON Schema meta-schemas and vocabularies, exposed as a Registry"
category = "main"
optional = false
python-versions = ">=3.9"

[package.dependencies]
referencing = ">=0.31.0"

[[package]]
name = "justext"
version = "3.0.2"
description = "Heuristic based boilerplate removal tool"
category = "main"
optional = false
python-versions = "*"

[package.dependencies]
lxml = {version = ">=4.4.2", extras = ["html_clean"]}

[[package]]
name = "kombu"
version = "5.5.4"
description = "Messaging library for Python."
category = "main"
optional = false
python-versions = ">=3.8"

[package.dependencies]
amqp = ">=5.1.1,<6.0.0"
packaging = "*"
tzdata = {version = ">=2025.2", markers = "python_version >= \"3.9\""}
vine = "5.1.0"

[package.extras]
msgpack = ["msgpack (==1.1.0)"]
yaml = ["PyYAML (>=3.10)"]
redis = ["redis (>=4.5.2,!=4.5.5,!=5.0.2,<=5.2.1)"]
mongodb = ["pymongo (==4.10.1)"]
sqs = ["boto3 (>=1.26.143)", "urllib3 (>=1.26.16)"]
gcpubsub = ["google-cloud-pubsub (>=2.18.4)", "google-cloud-monitoring (>=2.16.0)", "grpcio (==1.67.0)", "protobuf (==4.25.5)"]
zookeeper = ["kazoo (>=2.8.0)"]
sqlalchemy = ["sqlalchemy (>=1.4.48,<2.1)"]
librabbitmq = ["librabbitmq (>=2.0.0)"]
pyro = ["pyro4 (==4.82)"]
slmq = ["softlayer_messaging (>=1.0.3)"]
azurestoragequeues = ["azure-storage-queue (>=12.6.0)", "azure-identity (>=1.12.0)"]
azureservicebus = ["azure-servicebus (>=7.10.0)"]
qpid = ["qpid-python (>=0.26)", "qpid-tools (>=0.26)"]
consul = ["python-consul2 (==0.1.5)"]
confluentkafka = ["confluent-kafka (>=2.2.0)"]

[[package]]
name = "linkify-it-py"
version = "2.0.3"
description = "Links recognition library with FULL unicode support."
category = "main"
optional = false
python-versions = ">=3.7"

[package.dependencies]
uc-micro-py = "*"

[package.extras]
benchmark = ["pytest", "pytest-benchmark"]
dev = ["pre-commit", "isort", "flake8", "black", "pyproject-flake8"]
doc = ["sphinx", "sphinx-book-theme", "myst-parser"]
test = ["pytest", "coverage", "pytest-cov"]

[[package]]
name = "lxml"
version = "5.4.0"
description = "Powerful and Pythonic XML processing library combining libxml2/libxslt with the ElementTree API."
category = "main"
optional = false
python-versions = ">=3.6"

[package.extras]
source = ["Cython (>=3.0.11,<3.1.0)"]
cssselect = ["cssselect (>=0.7)"]
html5 = ["html5lib"]
htmlsoup = ["beautifulsoup4"]
html-clean = ["lxml-html-clean"]

[[package]]
name = "lxml-html-clean"
version = "0.4.2"
description = "HTML cleaner from lxml project"
category = "main"
optional = false
python-versions = "*"

[package.dependencies]
lxml = "*"

[[package]]
name = "markdown-it-py"
version = "3.0.0"
description = "Python port of markdown-it. Markdown parsing, done right!"
category = "main"
optional = false
python-versions = ">=3.8"

[package.dependencies]
linkify-it-py = {version = ">=1,<3", optional = true, markers = "extra == \"linkify\""}
mdit-py-plugins = {version = "*", optional = true, markers = "extra == \"plugins\""}
mdurl = ">=0.1,<1.0"

[package.extras]
benchmarking = ["psutil", "pytest", "pytest-benchmark"]
code_style = ["pre-commit (>=3.0,<4.0)"]
compare = ["commonmark (>=0.9,<1.0)", "markdown (>=3.4,<4.0)", "mistletoe (>=1.0,<2.0)", "mistune (>=2.0,<3.0)", "panflute (>=2.3,<3.0)"]
linkify = ["linkify-it-py (>=1,<3)"]
plugins = ["mdit-py-plugins"]
profiling = ["gprof2dot"]
rtd = ["mdit-py-plugins", "myst-parser", "pyyaml", "sphinx", "sphinx-copybutton", "sphinx-design", "sphinx-book-theme", "jupyter-sphinx"]
testing = ["coverage", "pytest", "pytest-cov", "pytest-regressions"]

[[package]]
name = "mcp"
version = "1.9.3"
description = "Model Context Protocol SDK"
category = "main"
optional = false
python-versions = ">=3.10"

[package.dependencies]
anyio = ">=4.5"
httpx = ">=0.27"
httpx-sse = ">=0.4"
pydantic = ">=2.7.2,<3.0.0"
pydantic-settings = ">=2.5.2"
python-multipart = ">=0.0.9"
sse-starlette = ">=1.6.1"
starlette = ">=0.27"
uvicorn = {version = ">=0.23.1", markers = "sys_platform != \"emscripten\""}

[package.extras]
cli = ["python-dotenv (>=1.0.0)", "typer (>=0.12.4)"]
rich = ["rich (>=13.9.4)"]
ws = ["websockets (>=15.0.1)"]

[[package]]
name = "mdit-py-plugins"
version = "0.4.2"
description = "Collection of plugins for markdown-it-py"
category = "main"
optional = false
python-versions = ">=3.8"

[package.dependencies]
markdown-it-py = ">=1.0.0,<4.0.0"

[package.extras]
code-style = ["pre-commit"]
rtd = ["myst-parser", "sphinx-book-theme"]
testing = ["coverage", "pytest", "pytest-cov", "pytest-regressions"]

[[package]]
name = "mdurl"
version = "0.1.2"
description = "Markdown URL utilities"
category = "main"
optional = false
python-versions = ">=3.7"

[[package]]
name = "multidict"
version = "6.4.4"
description = "multidict implementation"
category = "main"
optional = false
python-versions = ">=3.9"

[package.dependencies]
typing-extensions = {version = ">=4.1.0", markers = "python_version < \"3.11\""}

[[package]]
name = "networkx"
version = "2.8.8"
description = "Python package for creating and manipulating graphs and networks"
category = "main"
optional = false
python-versions = ">=3.8"

[package.extras]
default = ["numpy (>=1.19)", "scipy (>=1.8)", "matplotlib (>=3.4)", "pandas (>=1.3)"]
developer = ["pre-commit (>=2.20)", "mypy (>=0.982)"]
doc = ["sphinx (>=5.2)", "pydata-sphinx-theme (>=0.11)", "sphinx-gallery (>=0.11)", "numpydoc (>=1.5)", "pillow (>=9.2)", "nb2plots (>=0.6)", "texext (>=0.6.6)"]
extra = ["lxml (>=4.6)", "pygraphviz (>=1.9)", "pydot (>=1.4.2)", "sympy (>=1.10)"]
test = ["pytest (>=7.2)", "pytest-cov (>=4.0)", "codecov (>=2.1)"]

[[package]]
name = "oauthlib"
version = "3.2.2"
description = "A generic, spec-compliant, thorough implementation of the OAuth request-signing logic"
category = "main"
optional = false
python-versions = ">=3.6"

[package.extras]
rsa = ["cryptography (>=3.0.0)"]
signals = ["blinker (>=1.4.0)"]
signedtoken = ["cryptography (>=3.0.0)", "pyjwt (>=2.0.0,<3)"]

[[package]]
name = "oslash"
version = "0.6.3"
description = "OSlash (Ø) for Python 3.8+"
category = "main"
optional = false
python-versions = "*"

[package.dependencies]
typing-extensions = "*"

[[package]]
name = "outcome"
version = "1.3.0.post0"
description = "Capture the outcome of Python function calls."
category = "main"
optional = false
python-versions = ">=3.7"

[package.dependencies]
attrs = ">=19.2.0"

[[package]]
name = "packaging"
version = "25.0"
description = "Core utilities for Python packages"
category = "main"
optional = false
python-versions = ">=3.8"

[[package]]
name = "platformdirs"
version = "4.3.8"
description = "A small Python package for determining appropriate platform-specific dirs, e.g. a `user data dir`."
category = "main"
optional = false
python-versions = ">=3.9"

[package.extras]
docs = ["furo (>=2024.8.6)", "proselint (>=0.14)", "sphinx-autodoc-typehints (>=3)", "sphinx (>=8.1.3)"]
test = ["appdirs (==1.4.4)", "covdefaults (>=2.3)", "pytest-cov (>=6)", "pytest-mock (>=3.14)", "pytest (>=8.3.4)"]
type = ["mypy (>=1.14.1)"]

[[package]]
name = "prompt-toolkit"
version = "3.0.51"
description = "Library for building powerful interactive command lines in Python"
category = "main"
optional = false
python-versions = ">=3.8"

[package.dependencies]
wcwidth = "*"

[[package]]
name = "propcache"
version = "0.3.1"
description = "Accelerated property cache"
category = "main"
optional = false
python-versions = ">=3.9"

[[package]]
name = "proto-plus"
version = "1.26.1"
description = "Beautiful, Pythonic protocol buffers"
category = "main"
optional = false
python-versions = ">=3.7"

[package.dependencies]
protobuf = ">=3.19.0,<7.0.0"

[package.extras]
testing = ["google-api-core (>=1.31.5)"]

[[package]]
name = "protobuf"
version = "6.31.1"
description = ""
category = "main"
optional = false
python-versions = ">=3.9"

[[package]]
name = "pyasn1"
version = "0.6.1"
description = "Pure-Python implementation of ASN.1 types and DER/BER/CER codecs (X.208)"
category = "main"
optional = false
python-versions = ">=3.8"

[[package]]
name = "pyasn1-modules"
version = "0.4.2"
description = "A collection of ASN.1-based protocols modules"
category = "main"
optional = false
python-versions = ">=3.8"

[package.dependencies]
pyasn1 = ">=0.6.1,<0.7.0"

[[package]]
name = "pycparser"
version = "2.22"
description = "C parser in Python"
category = "main"
optional = false
python-versions = ">=3.8"

[[package]]
name = "pydantic"
version = "2.11.5"
description = "Data validation using Python type hints"
category = "main"
optional = false
python-versions = ">=3.9"

[package.dependencies]
annotated-types = ">=0.6.0"
pydantic-core = "2.33.2"
typing-extensions = ">=4.12.2"
typing-inspection = ">=0.4.0"

[package.extras]
email = ["email-validator (>=2.0.0)"]
timezone = ["tzdata"]

[[package]]
name = "pydantic-core"
version = "2.33.2"
description = "Core functionality for Pydantic validation and serialization"
category = "main"
optional = false
python-versions = ">=3.9"

[package.dependencies]
typing-extensions = ">=4.6.0,<4.7.0 || >4.7.0"

[[package]]
name = "pydantic-settings"
version = "2.9.1"
description = "Settings management using Pydantic"
category = "main"
optional = false
python-versions = ">=3.9"

[package.dependencies]
pydantic = ">=2.7.0"
python-dotenv = ">=0.21.0"
typing-inspection = ">=0.4.0"

[package.extras]
aws-secrets-manager = ["boto3-stubs", "boto3 (>=1.35.0)"]
azure-key-vault = ["azure-identity (>=1.16.0)", "azure-keyvault-secrets (>=4.8.0)"]
gcp-secret-manager = ["google-cloud-secret-manager (>=2.23.1)"]
toml = ["tomli (>=2.0.1)"]
yaml = ["pyyaml (>=6.0.1)"]

[[package]]
name = "pygments"
version = "2.19.1"
description = "Pygments is a syntax highlighting package written in Python."
category = "main"
optional = false
python-versions = ">=3.8"

[package.extras]
windows-terminal = ["colorama (>=0.4.6)"]

[[package]]
name = "pyjwt"
version = "2.9.0"
description = "JSON Web Token implementation in Python"
category = "main"
optional = false
python-versions = ">=3.8"

[package.extras]
crypto = ["cryptography (>=3.4.0)"]
dev = ["sphinx", "sphinx-rtd-theme", "zope.interface", "cryptography (>=3.4.0)", "pytest (>=6.0.0,<7.0.0)", "coverage[toml] (==5.0.4)", "pre-commit"]
docs = ["sphinx", "sphinx-rtd-theme", "zope.interface"]
tests = ["pytest (>=6.0.0,<7.0.0)", "coverage[toml] (==5.0.4)"]

[[package]]
name = "pymupdf"
version = "1.26.0"
description = "A high performance Python library for data extraction, analysis, conversion & manipulation of PDF (and other) documents."
category = "main"
optional = false
python-versions = ">=3.9"

[[package]]
name = "pymupdf4llm"
version = "0.0.22"
description = "PyMuPDF Utilities for LLM/RAG"
category = "main"
optional = false
python-versions = "*"

[package.dependencies]
pymupdf = ">=1.25.5"

[[package]]
name = "pyparsing"
version = "3.2.3"
description = "pyparsing module - Classes and methods to define and execute parsing grammars"
category = "main"
optional = false
python-versions = ">=3.9"

[package.extras]
diagrams = ["railroad-diagrams", "jinja2"]

[[package]]
name = "pypdf2"
version = "3.0.1"
description = "A pure-python PDF library capable of splitting, merging, cropping, and transforming PDF files"
category = "main"
optional = false
python-versions = ">=3.6"

[package.extras]
crypto = ["pycryptodome"]
dev = ["black", "pip-tools", "pre-commit (<2.18.0)", "pytest-cov", "flit", "wheel"]
docs = ["sphinx", "sphinx-rtd-theme", "myst-parser"]
full = ["pycryptodome", "pillow"]
image = ["pillow"]

[[package]]
name = "pysocks"
version = "1.7.1"
description = "A Python SOCKS client module. See https://github.com/Anorov/PySocks for more information."
category = "main"
optional = false
python-versions = ">=2.7, !=3.0.*, !=3.1.*, !=3.2.*, !=3.3.*"

[[package]]
name = "python-dateutil"
version = "2.9.0.post0"
description = "Extensions to the standard Python datetime module"
category = "main"
optional = false
python-versions = "!=3.0.*,!=3.1.*,!=3.2.*,>=2.7"

[package.dependencies]
six = ">=1.5"

[[package]]
name = "python-dotenv"
version = "1.1.0"
description = "Read key-value pairs from a .env file and set them as environment variables"
category = "main"
optional = false
python-versions = ">=3.9"

[package.extras]
cli = ["click (>=5.0)"]

[[package]]
name = "python-multipart"
version = "0.0.20"
description = "A streaming multipart parser for Python"
category = "main"
optional = false
python-versions = ">=3.8"

[[package]]
name = "pytz"
version = "2025.2"
description = "World timezone definitions, modern and historical"
category = "main"
optional = false
python-versions = "*"

[[package]]
name = "pywin32"
version = "310"
description = "Python for Window Extensions"
category = "main"
optional = false
python-versions = "*"

[[package]]
name = "redis"
version = "5.3.0"
description = "Python client for Redis database and key-value store"
category = "main"
optional = false
python-versions = ">=3.8"

[package.dependencies]
async-timeout = {version = ">=4.0.3", markers = "python_full_version < \"3.11.3\""}
PyJWT = ">=2.9.0,<2.10.0"

[package.extras]
hiredis = ["hiredis (>=3.0.0)"]
ocsp = ["cryptography (>=36.0.1)", "pyopenssl (==23.2.1)", "requests (>=2.31.0)"]

[[package]]
name = "referencing"
version = "0.36.2"
description = "JSON Referencing + Python"
category = "main"
optional = false
python-versions = ">=3.9"

[package.dependencies]
attrs = ">=22.2.0"
rpds-py = ">=0.7.0"
typing-extensions = {version = ">=4.4.0", markers = "python_version < \"3.13\""}

[[package]]
name = "regex"
version = "2024.11.6"
description = "Alternative regular expression module, to replace re."
category = "main"
optional = false
python-versions = ">=3.8"

[[package]]
name = "requests"
version = "2.32.3"
description = "Python HTTP for Humans."
category = "main"
optional = false
python-versions = ">=3.8"

[package.dependencies]
certifi = ">=2017.4.17"
charset-normalizer = ">=2,<4"
idna = ">=2.5,<4"
urllib3 = ">=1.21.1,<3"

[package.extras]
socks = ["PySocks (>=1.5.6,!=1.5.7)"]
use-chardet-on-py3 = ["chardet (>=3.0.2,<6)"]

[[package]]
name = "requests-oauthlib"
version = "2.0.0"
description = "OAuthlib authentication support for Requests."
category = "main"
optional = false
python-versions = ">=3.4"

[package.dependencies]
oauthlib = ">=3.0.0"
requests = ">=2.0.0"

[package.extras]
rsa = ["oauthlib[signedtoken] (>=3.0.0)"]

[[package]]
name = "rich"
version = "14.0.0"
description = "Render rich text, tables, progress bars, syntax highlighting, markdown and more to the terminal"
category = "main"
optional = false
python-versions = ">=3.8.0"

[package.dependencies]
markdown-it-py = ">=2.2.0"
pygments = ">=2.13.0,<3.0.0"
typing-extensions = {version = ">=4.0.0,<5.0", markers = "python_version < \"3.11\""}

[package.extras]
jupyter = ["ipywidgets (>=7.5.1,<9)"]

[[package]]
name = "rpds-py"
version = "0.25.1"
description = "Python bindings to Rust's persistent data structures (rpds)"
category = "main"
optional = false
python-versions = ">=3.9"

[[package]]
name = "rsa"
version = "4.9.1"
description = "Pure-Python RSA implementation"
category = "main"
optional = false
python-versions = "<4,>=3.6"

[package.dependencies]
pyasn1 = ">=0.1.3"

[[package]]
name = "selenium"
version = "4.33.0"
description = "Official Python bindings for Selenium WebDriver"
category = "main"
optional = false
python-versions = ">=3.9"

[package.dependencies]
certifi = ">=2025.4.26"
trio = ">=0.30.0,<0.31.0"
trio-websocket = ">=0.12.2,<0.13.0"
typing_extensions = ">=4.13.2,<4.14.0"
urllib3 = {version = ">=2.4.0,<2.5.0", extras = ["socks"]}
websocket-client = ">=1.8.0,<1.9.0"

[[package]]
name = "sgmllib3k"
version = "1.0.0"
description = "Py3k port of sgmllib."
category = "main"
optional = false
python-versions = "*"

[[package]]
name = "six"
version = "1.17.0"
description = "Python 2 and 3 compatibility utilities"
category = "main"
optional = false
python-versions = "!=3.0.*,!=3.1.*,!=3.2.*,>=2.7"

[[package]]
name = "smmap"
version = "5.0.2"
description = "A pure Python implementation of a sliding window memory map manager"
category = "main"
optional = false
python-versions = ">=3.7"

[[package]]
name = "sniffio"
version = "1.3.1"
description = "Sniff out which async library your code is running under"
category = "main"
optional = false
python-versions = ">=3.7"

[[package]]
name = "sortedcontainers"
version = "2.4.0"
description = "Sorted Containers -- Sorted List, Sorted Dict, Sorted Set"
category = "main"
optional = false
python-versions = "*"

[[package]]
name = "soupsieve"
version = "2.7"
description = "A modern CSS selector implementation for Beautiful Soup."
category = "main"
optional = false
python-versions = ">=3.8"

[[package]]
name = "sse-starlette"
version = "2.3.6"
description = "SSE plugin for Starlette"
category = "main"
optional = false
python-versions = ">=3.9"

[package.dependencies]
anyio = ">=4.7.0"

[package.extras]
examples = ["uvicorn (>=0.34.0)", "fastapi (>=0.115.12)", "sqlalchemy[asyncio,examples] (>=2.0.41)", "starlette (>=0.41.3)", "aiosqlite (>=0.21.0)"]
uvicorn = ["uvicorn (>=0.34.0)"]
granian = ["granian (>=2.3.1)"]
daphne = ["daphne (>=4.2.0)"]

[[package]]
name = "starlette"
version = "0.46.2"
description = "The little ASGI library that shines."
category = "main"
optional = false
python-versions = ">=3.9"

[package.dependencies]
anyio = ">=3.6.2,<5"

[package.extras]
full = ["httpx (>=0.27.0,<0.29.0)", "itsdangerous", "jinja2", "python-multipart (>=0.0.18)", "pyyaml"]

[[package]]
name = "textual"
version = "3.3.0"
description = "Modern Text User Interface framework"
category = "main"
optional = false
python-versions = "<4.0.0,>=3.8.1"

[package.dependencies]
markdown-it-py = {version = ">=2.1.0", extras = ["linkify", "plugins"]}
platformdirs = ">=3.6.0,<5"
rich = ">=13.3.3"
typing-extensions = ">=4.4.0,<5.0.0"

[package.extras]
syntax = ["tree-sitter (>=0.23.0)", "tree-sitter-python (>=0.23.0)", "tree-sitter-markdown (>=0.3.0)", "tree-sitter-json (>=0.24.0)", "tree-sitter-toml (>=0.6.0)", "tree-sitter-yaml (>=0.6.0)", "tree-sitter-html (>=0.23.0)", "tree-sitter-css (>=0.23.0)", "tree-sitter-javascript (>=0.23.0)", "tree-sitter-rust (>=0.23.0)", "tree-sitter-go (>=0.23.0)", "tree-sitter-regex (>=0.24.0)", "tree-sitter-xml (>=0.7.0)", "tree-sitter-sql (>=0.3.0,<0.3.8)", "tree-sitter-java (>=0.23.0)", "tree-sitter-bash (>=0.23.0)"]

[[package]]
name = "tld"
version = "0.13.1"
description = "Extract the top-level domain (TLD) from the URL given."
category = "main"
optional = false
python-versions = ">=3.7"

[[package]]
name = "trafilatura"
version = "2.0.0"
description = "Python & Command-line tool to gather text and metadata on the Web: Crawling, scraping, extraction, output as CSV, JSON, HTML, MD, TXT, XML."
category = "main"
optional = false
python-versions = ">=3.8"

[package.dependencies]
certifi = "*"
charset_normalizer = ">=3.4.0"
courlan = ">=1.3.2"
htmldate = ">=1.9.2"
justext = ">=3.0.1"
lxml = {version = ">=5.3.0", markers = "platform_system != \"Darwin\" or python_version > \"3.8\""}
urllib3 = ">=1.26,<3"

[package.extras]
dev = ["flake8", "mypy", "pytest", "pytest-cov", "types-lxml", "types-urllib3"]
all = ["brotli", "cchardet (>=2.1.7)", "faust-cchardet (>=2.1.19)", "htmldate[speed] (>=1.9.2)", "py3langid (>=0.3.0)", "pycurl (>=7.45.3)", "urllib3", "zstandard (>=0.23.0)"]

[[package]]
name = "trio"
version = "0.30.0"
description = "A friendly Python library for async concurrency and I/O"
category = "main"
optional = false
python-versions = ">=3.9"

[package.dependencies]
attrs = ">=23.2.0"
cffi = {version = ">=1.14", markers = "os_name == \"nt\" and implementation_name != \"pypy\""}
exceptiongroup = {version = "*", markers = "python_version < \"3.11\""}
idna = "*"
outcome = "*"
sniffio = ">=1.3.0"
sortedcontainers = "*"

[[package]]
name = "trio-websocket"
version = "0.12.2"
description = "WebSocket library for Trio"
category = "main"
optional = false
python-versions = ">=3.8"

[package.dependencies]
exceptiongroup = {version = "*", markers = "python_version < \"3.11\""}
outcome = ">=1.2.0"
trio = ">=0.11"
wsproto = ">=0.14"

[[package]]
name = "typing-extensions"
version = "4.13.2"
description = "Backported and Experimental Type Hints for Python 3.8+"
category = "main"
optional = false
python-versions = ">=3.8"

[[package]]
name = "typing-inspection"
version = "0.4.1"
description = "Runtime typing introspection tools"
category = "main"
optional = false
python-versions = ">=3.9"

[package.dependencies]
typing-extensions = ">=4.12.0"

[[package]]
name = "tzdata"
version = "2025.2"
description = "Provider of IANA time zone data"
category = "main"
optional = false
python-versions = ">=2"

[[package]]
name = "tzlocal"
version = "5.3.1"
description = "tzinfo object for the local timezone"
category = "main"
optional = false
python-versions = ">=3.9"

[package.dependencies]
tzdata = {version = "*", markers = "platform_system == \"Windows\""}

[package.extras]
devenv = ["pytest (>=4.3)", "pytest-mock (>=3.3)", "pytest-cov", "check-manifest", "zest.releaser"]

[[package]]
name = "uc-micro-py"
version = "1.0.3"
description = "Micro subset of unicode data files for linkify-it-py projects."
category = "main"
optional = false
python-versions = ">=3.7"

[package.extras]
test = ["pytest", "coverage", "pytest-cov"]

[[package]]
name = "update-checker"
version = "0.18.0"
description = "A python module that will check for package updates."
category = "main"
optional = false
python-versions = "*"

[package.dependencies]
requests = ">=2.3.0"

[package.extras]
dev = ["black", "flake8", "pytest (>=2.7.3)"]
lint = ["black", "flake8"]
test = ["pytest (>=2.7.3)"]

[[package]]
name = "uritemplate"
version = "4.2.0"
description = "Implementation of RFC 6570 URI Templates"
category = "main"
optional = false
python-versions = ">=3.9"

[[package]]
name = "urllib3"
version = "2.4.0"
description = "HTTP library with thread-safe connection pooling, file post, and more."
category = "main"
optional = false
python-versions = ">=3.9"

[package.dependencies]
pysocks = {version = ">=1.5.6,<1.5.7 || >1.5.7,<2.0", optional = true, markers = "extra == \"socks\""}

[package.extras]
brotli = ["brotli (>=1.0.9)", "brotlicffi (>=0.8.0)"]
h2 = ["h2 (>=4,<5)"]
socks = ["pysocks (>=1.5.6,!=1.5.7,<2.0)"]
zstd = ["zstandard (>=0.18.0)"]

[[package]]
name = "uvicorn"
version = "0.34.3"
description = "The lightning-fast ASGI server."
category = "main"
optional = false
python-versions = ">=3.9"

[package.dependencies]
click = ">=7.0"
h11 = ">=0.8"
typing-extensions = {version = ">=4.0", markers = "python_version < \"3.11\""}

[package.extras]
standard = ["colorama (>=0.4)", "httptools (>=0.6.3)", "python-dotenv (>=0.13)", "pyyaml (>=5.1)", "uvloop (>=0.15.1)", "watchfiles (>=0.13)", "websockets (>=10.4)"]

[[package]]
name = "vine"
version = "5.1.0"
description = "Python promises."
category = "main"
optional = false
python-versions = ">=3.6"

[[package]]
name = "wcwidth"
version = "0.2.13"
description = "Measures the displayed width of unicode strings in a terminal"
category = "main"
optional = false
python-versions = "*"

[[package]]
name = "websocket-client"
version = "1.8.0"
description = "WebSocket client for Python with low level API options"
category = "main"
optional = false
python-versions = ">=3.8"

[package.extras]
docs = ["Sphinx (>=6.0)", "sphinx-rtd-theme (>=1.1.0)", "myst-parser (>=2.0.0)"]
optional = ["python-socks", "wsaccel"]
test = ["websockets"]

[[package]]
name = "wsproto"
version = "1.2.0"
description = "WebSockets state-machine based protocol implementation"
category = "main"
optional = false
python-versions = ">=3.7.0"

[package.dependencies]
h11 = ">=0.9.0,<1"

[[package]]
name = "yarl"
version = "1.20.0"
description = "Yet another URL library"
category = "main"
optional = false
python-versions = ">=3.9"

[package.dependencies]
idna = ">=2.0"
multidict = ">=4.0"
propcache = ">=0.2.1"

[metadata]
lock-version = "1.1"
python-versions = ">=3.10,<4.0"
content-hash = "c4713ad0dc789bb82d4b007ebe3ad28cc4d7778a978682667ede66039ae09662"

[metadata.files]
aiofiles = []
aiohappyeyeballs = []
aiohttp = []
aioredis = []
aiosignal = []
aiosqlite = []
amqp = []
annotated-types = []
anyio = []
async-timeout = []
asyncpraw = []
asyncprawcore = []
attrs = []
babel = []
beautifulsoup4 = []
billiard = []
cachetools = []
celery = []
certifi = []
cffi = []
charset-normalizer = []
click = []
click-didyoumean = []
click-plugins = []
click-repl = []
colorama = []
courlan = []
dateparser = []
docker = []
docstring-parser = []
exceptiongroup = []
fastapi = []
feedparser = []
frozenlist = []
gitdb = []
gitpython = []
google-api-core = []
google-api-python-client = []
google-auth = []
google-auth-httplib2 = []
google-auth-oauthlib = []
googleapis-common-protos = []
h11 = []
htmldate = []
httpcore = []
httplib2 = []
httpx = []
httpx-sse = []
idna = []
jsonrpcclient = []
jsonrpcserver = []
jsonschema = []
jsonschema-specifications = []
justext = []
kombu = []
linkify-it-py = []
lxml = []
lxml-html-clean = []
markdown-it-py = []
mcp = []
mdit-py-plugins = []
mdurl = []
multidict = []
networkx = []
oauthlib = []
oslash = []
outcome = []
packaging = []
platformdirs = []
prompt-toolkit = []
propcache = []
proto-plus = []
protobuf = []
pyasn1 = []
pyasn1-modules = []
pycparser = []
pydantic = []
pydantic-core = []
pydantic-settings = []
pygments = []
pyjwt = []
pymupdf = []
pymupdf4llm = []
pyparsing = []
pypdf2 = []
pysocks = []
python-dateutil = []
python-dotenv = []
python-multipart = []
pytz = []
pywin32 = []
redis = []
referencing = []
regex = []
requests = []
requests-oauthlib = []
rich = []
rpds-py = []
rsa = []
selenium = []
sgmllib3k = []
six = []
smmap = []
sniffio = []
sortedcontainers = []
soupsieve = []
sse-starlette = []
starlette = []
textual = []
tld = []
trafilatura = []
trio = []
trio-websocket = []
typing-extensions = []
typing-inspection = []
tzdata = []
tzlocal = []
uc-micro-py = []
update-checker = []
uritemplate = []
urllib3 = []
uvicorn = []
vine = []
wcwidth = []
websocket-client = []
wsproto = []
yarl = []
